
Microsoft Visual Studio Solution File, Format Version 12.00
# Visual Studio 2013
VisualStudioVersion = 12.0.31101.0
MinimumVisualStudioVersion = 10.0.40219.1
Project("{2150E333-8FDC-42A3-9474-1A3956D46DE8}") = ".nuget", ".nuget", "{39D4357E-B0BE-4FB5-B9FF-94B659B2FE5F}"
	ProjectSection(SolutionItems) = preProject
		.nuget\NuGet.Config = .nuget\NuGet.Config
		.nuget\NuGet.exe = .nuget\NuGet.exe
		.nuget\NuGet.targets = .nuget\NuGet.targets
	EndProjectSection
EndProject
Project("{FAE04EC0-301F-11D3-BF4B-00C04F79EFBC}") = "Connect.ClientLib", "Connect.ClientLib.csproj", "{61B3D830-F610-438C-96A2-FD3309DAE2E0}"
EndProject
Global
	GlobalSection(TeamFoundationVersionControl) = preSolution
		SccNumberOfProjects = 2
		SccEnterpriseProvider = {4CA58AB2-18FA-4F8D-95D4-32DDF27D184C}
		SccTeamFoundationServer = http://memtfs02:8080/tfs/defaultcollection
		SccLocalPath0 = .
		SccProjectUniqueName1 = Connect.ClientLib.csproj
		SccLocalPath1 = .
	EndGlobalSection
	GlobalSection(SolutionConfigurationPlatforms) = preSolution
		Debug|Any CPU = Debug|Any CPU
		Dev|Any CPU = Dev|Any CPU
		Prod|Any CPU = Prod|Any CPU
		QA|Any CPU = QA|Any CPU
		Release|Any CPU = Release|Any CPU
	EndGlobalSection
	GlobalSection(ProjectConfigurationPlatforms) = postSolution
		{61B3D830-F610-438C-96A2-FD3309DAE2E0}.Debug|Any CPU.ActiveCfg = Release|Any CPU
		{61B3D830-F610-438C-96A2-FD3309DAE2E0}.Debug|Any CPU.Build.0 = Release|Any CPU
		{61B3D830-F610-438C-96A2-FD3309DAE2E0}.Dev|Any CPU.ActiveCfg = Dev|Any CPU
		{61B3D830-F610-438C-96A2-FD3309DAE2E0}.Dev|Any CPU.Build.0 = Dev|Any CPU
		{61B3D830-F610-438C-96A2-FD3309DAE2E0}.Prod|Any CPU.ActiveCfg = Prod|Any CPU
		{61B3D830-F610-438C-96A2-FD3309DAE2E0}.Prod|Any CPU.Build.0 = Prod|Any CPU
		{61B3D830-F610-438C-96A2-FD3309DAE2E0}.QA|Any CPU.ActiveCfg = QA|Any CPU
		{61B3D830-F610-438C-96A2-FD3309DAE2E0}.QA|Any CPU.Build.0 = QA|Any CPU
		{61B3D830-F610-438C-96A2-FD3309DAE2E0}.Release|Any CPU.ActiveCfg = Release|Any CPU
		{61B3D830-F610-438C-96A2-FD3309DAE2E0}.Release|Any CPU.Build.0 = Release|Any CPU
	EndGlobalSection
	GlobalSection(SolutionProperties) = preSolution
		HideSolutionNode = FALSE
	EndGlobalSection
EndGlobal
