
Microsoft Visual Studio Solution File, Format Version 12.00
# Visual Studio 2012
Project("{FAE04EC0-301F-11D3-BF4B-00C04F79EFBC}") = "ApiWebApp", "ApiWebApp\ApiWebApp.csproj", "{FA532C70-E3E8-4214-A8B8-E87D4BF432A4}"
EndProject
Project("{FAE04EC0-301F-11D3-BF4B-00C04F79EFBC}") = "MimeoRestLib", "..\..\..\tfs\Development Sandbox\Raul Moncada\MimeoRestLib\MimeoRestLib.csproj", "{5675EA8D-20E7-48E1-A50A-8A4DB86F144E}"
EndProject
Global
	GlobalSection(TeamFoundationVersionControl) = preSolution
		SccNumberOfProjects = 3
		SccEnterpriseProvider = {4CA58AB2-18FA-4F8D-95D4-32DDF27D184C}
		SccTeamFoundationServer = http://memtfs02.us.corp.mimeo.com:8080/tfs/defaultcollection
		SccLocalPath0 = .
		SccProjectUniqueName1 = ApiWebApp\\ApiWebApp.csproj
		SccProjectName1 = ApiWebApp
		SccLocalPath1 = ApiWebApp
		SccProjectUniqueName2 = ..\\..\\..\\tfs\\Development\u0020Sandbox\\Raul\u0020Moncada\\MimeoRestLib\\MimeoRestLib.csproj
		SccProjectName2 = ../MimeoRestLib
		SccLocalPath2 = ..\\..\\..\\tfs\\Development\u0020Sandbox\\Raul\u0020Moncada\\MimeoRestLib
	EndGlobalSection
	GlobalSection(SolutionConfigurationPlatforms) = preSolution
		Debug|Any CPU = Debug|Any CPU
		Release|Any CPU = Release|Any CPU
	EndGlobalSection
	GlobalSection(ProjectConfigurationPlatforms) = postSolution
		{FA532C70-E3E8-4214-A8B8-E87D4BF432A4}.Debug|Any CPU.ActiveCfg = Debug|Any CPU
		{FA532C70-E3E8-4214-A8B8-E87D4BF432A4}.Debug|Any CPU.Build.0 = Debug|Any CPU
		{FA532C70-E3E8-4214-A8B8-E87D4BF432A4}.Release|Any CPU.ActiveCfg = Release|Any CPU
		{FA532C70-E3E8-4214-A8B8-E87D4BF432A4}.Release|Any CPU.Build.0 = Release|Any CPU
		{5675EA8D-20E7-48E1-A50A-8A4DB86F144E}.Debug|Any CPU.ActiveCfg = Debug|Any CPU
		{5675EA8D-20E7-48E1-A50A-8A4DB86F144E}.Debug|Any CPU.Build.0 = Debug|Any CPU
		{5675EA8D-20E7-48E1-A50A-8A4DB86F144E}.Release|Any CPU.ActiveCfg = Release|Any CPU
		{5675EA8D-20E7-48E1-A50A-8A4DB86F144E}.Release|Any CPU.Build.0 = Release|Any CPU
	EndGlobalSection
	GlobalSection(SolutionProperties) = preSolution
		HideSolutionNode = FALSE
	EndGlobalSection
EndGlobal
